
Microsoft Visual Studio Solution File, Format Version 12.00
# Visual Studio Version 17
VisualStudioVersion = 17.14.36109.1 d17.14
MinimumVisualStudioVersion = 10.0.40219.1
Project("{FAE04EC0-301F-11D3-BF4B-00C04F79EFBC}") = "TravelAgency", "TravelAgency.csproj", "{82948FBE-5694-4955-81A0-E9ECB7BED002}"
EndProject
Project("{FAE04EC0-301F-11D3-BF4B-00C04F79EFBC}") = "TravelAgency.UnitTests", "..\TravelAgency.UnitTests\TravelAgency.UnitTests.csproj", "{C4006F52-10FB-4CA7-98D8-93566C216533}"
EndProject
Global
	GlobalSection(SolutionConfigurationPlatforms) = preSolution
		Debug|Any CPU = Debug|Any CPU
		Release|Any CPU = Release|Any CPU
	EndGlobalSection
	GlobalSection(ProjectConfigurationPlatforms) = postSolution
		{82948FBE-5694-4955-81A0-E9ECB7BED002}.Debug|Any CPU.ActiveCfg = Debug|Any CPU
		{82948FBE-5694-4955-81A0-E9ECB7BED002}.Debug|Any CPU.Build.0 = Debug|Any CPU
		{82948FBE-5694-4955-81A0-E9ECB7BED002}.Release|Any CPU.ActiveCfg = Release|Any CPU
		{82948FBE-5694-4955-81A0-E9ECB7BED002}.Release|Any CPU.Build.0 = Release|Any CPU
		{C4006F52-10FB-4CA7-98D8-93566C216533}.Debug|Any CPU.ActiveCfg = Debug|Any CPU
		{C4006F52-10FB-4CA7-98D8-93566C216533}.Debug|Any CPU.Build.0 = Debug|Any CPU
		{C4006F52-10FB-4CA7-98D8-93566C216533}.Release|Any CPU.ActiveCfg = Release|Any CPU
		{C4006F52-10FB-4CA7-98D8-93566C216533}.Release|Any CPU.Build.0 = Release|Any CPU
	EndGlobalSection
	GlobalSection(SolutionProperties) = preSolution
		HideSolutionNode = FALSE
	EndGlobalSection
	GlobalSection(ExtensibilityGlobals) = postSolution
		SolutionGuid = {2166FCC7-25B7-4A13-9928-4E46086FA8B1}
	EndGlobalSection
EndGlobal
