
Microsoft Visual Studio Solution File, Format Version 12.00
# Visual Studio Version 17
VisualStudioVersion = 17.11.35303.130
MinimumVisualStudioVersion = 10.0.40219.1
Project("{FAE04EC0-301F-11D3-BF4B-00C04F79EFBC}") = "task1.poem", "task1.poem\task1.poem.csproj", "{9749A7FC-68BF-4AA7-9DB3-8766D6E09398}"
EndProject
Global
	GlobalSection(SolutionConfigurationPlatforms) = preSolution
		Debug|Any CPU = Debug|Any CPU
		Release|Any CPU = Release|Any CPU
	EndGlobalSection
	GlobalSection(ProjectConfigurationPlatforms) = postSolution
		{9749A7FC-68BF-4AA7-9DB3-8766D6E09398}.Debug|Any CPU.ActiveCfg = Debug|Any CPU
		{9749A7FC-68BF-4AA7-9DB3-8766D6E09398}.Debug|Any CPU.Build.0 = Debug|Any CPU
		{9749A7FC-68BF-4AA7-9DB3-8766D6E09398}.Release|Any CPU.ActiveCfg = Release|Any CPU
		{9749A7FC-68BF-4AA7-9DB3-8766D6E09398}.Release|Any CPU.Build.0 = Release|Any CPU
	EndGlobalSection
	GlobalSection(SolutionProperties) = preSolution
		HideSolutionNode = FALSE
	EndGlobalSection
	GlobalSection(ExtensibilityGlobals) = postSolution
		SolutionGuid = {94EDDB8D-16AE-4BA0-9BA7-3ADF3117ED8B}
	EndGlobalSection
EndGlobal
