
Microsoft Visual Studio Solution File, Format Version 12.00
# Visual Studio Version 17
VisualStudioVersion = 17.11.35303.130
MinimumVisualStudioVersion = 10.0.40219.1
Project("{FAE04EC0-301F-11D3-BF4B-00C04F79EFBC}") = "Task12", "Task12.csproj", "{5A1732B9-7B78-4CE0-ACA5-BCE04FEBBDA2}"
EndProject
Global
	GlobalSection(SolutionConfigurationPlatforms) = preSolution
		Debug|Any CPU = Debug|Any CPU
		Release|Any CPU = Release|Any CPU
	EndGlobalSection
	GlobalSection(ProjectConfigurationPlatforms) = postSolution
		{5A1732B9-7B78-4CE0-ACA5-BCE04FEBBDA2}.Debug|Any CPU.ActiveCfg = Debug|Any CPU
		{5A1732B9-7B78-4CE0-ACA5-BCE04FEBBDA2}.Debug|Any CPU.Build.0 = Debug|Any CPU
		{5A1732B9-7B78-4CE0-ACA5-BCE04FEBBDA2}.Release|Any CPU.ActiveCfg = Release|Any CPU
		{5A1732B9-7B78-4CE0-ACA5-BCE04FEBBDA2}.Release|Any CPU.Build.0 = Release|Any CPU
	EndGlobalSection
	GlobalSection(SolutionProperties) = preSolution
		HideSolutionNode = FALSE
	EndGlobalSection
	GlobalSection(ExtensibilityGlobals) = postSolution
		SolutionGuid = {A6CEEB00-9924-46E4-9B3F-6E1AB560DE64}
	EndGlobalSection
EndGlobal
